github.com/jcelliott/lumber v0.0.0-20160324203708-dd349441af25 h1:EFT6MH3igZK/dIVqgGbTqWVvkZ7wJ5iGN03SVtvvdd8=
github.com/jcelliott/lumber v0.0.0-20160324203708-dd349441af25/go.mod h1:sWkGw/wsaHtRsT9zGQ/WyJCotGWG/Anow/9hsAcBWRw=
github.com/nanobox-io/golang-scribble v0.0.0-20190309225732-aa3e7c118975 h1:zm/Rb2OsnLWCY88Njoqgo4X6yt/lx3oBNWhepX0AOMU=
github.com/nanobox-io/golang-scribble v0.0.0-20190309225732-aa3e7c118975/go.mod h1:4Mct/lWCFf1jzQTTAaWtOI7sXqmG+wBeiBfT4CxoaJk=
github.com/sowa-gregory/game_cabinet v0.0.0-20200413185601-03aac9ea8942 h1:1nuAKPrxOte35zbhmArhLi0OMtgnbGLGCxP9ghRPfhY=
github.com/sowa-gregory/game_cabinet v0.0.0-20200419141015-1f9cb27ba8a5 h1:eWtO7f1ItJmfmsY8515z1X3JiYTd/WuoEWDh44xkR3g=
